// !$*UTF8*$!
{
	archiveVersion = 1;
	classes = {
	};
	objectVersion = 51;
	objects = {

/* Begin PBXBuildFile section */
		002C9968256518A900DA1AD9 /* AppDelegate.swift in Sources */ = {isa = PBXBuildFile; fileRef = 002C9967256518A900DA1AD9 /* AppDelegate.swift */; };
		002C996A256518A900DA1AD9 /* SceneDelegate.swift in Sources */ = {isa = PBXBuildFile; fileRef = 002C9969256518A900DA1AD9 /* SceneDelegate.swift */; };
		002C996F256518A900DA1AD9 /* Main.storyboard in Resources */ = {isa = PBXBuildFile; fileRef = 002C996D256518A900DA1AD9 /* Main.storyboard */; };
		002C9972256518A900DA1AD9 /* SimpleMemo.xcdatamodeld in Sources */ = {isa = PBXBuildFile; fileRef = 002C9970256518A900DA1AD9 /* SimpleMemo.xcdatamodeld */; };
		002C9974256518AB00DA1AD9 /* Assets.xcassets in Resources */ = {isa = PBXBuildFile; fileRef = 002C9973256518AB00DA1AD9 /* Assets.xcassets */; };
		002C9977256518AB00DA1AD9 /* LaunchScreen.storyboard in Resources */ = {isa = PBXBuildFile; fileRef = 002C9975256518AB00DA1AD9 /* LaunchScreen.storyboard */; };
		002C998F2565767000DA1AD9 /* Memo.swift in Sources */ = {isa = PBXBuildFile; fileRef = 002C998E2565767000DA1AD9 /* Memo.swift */; };
		99E8F796EA71C41DB8C6EA73 /* Pods_SimpleMemo.framework in Frameworks */ = {isa = PBXBuildFile; fileRef = 08A779B486B4C2479FEC2E3C /* Pods_SimpleMemo.framework */; };
/* End PBXBuildFile section */

/* Begin PBXFileReference section */
		002C9964256518A900DA1AD9 /* SimpleMemo.app */ = {isa = PBXFileReference; explicitFileType = wrapper.application; includeInIndex = 0; path = SimpleMemo.app; sourceTree = BUILT_PRODUCTS_DIR; };
		002C9967256518A900DA1AD9 /* AppDelegate.swift */ = {isa = PBXFileReference; lastKnownFileType = sourcecode.swift; path = AppDelegate.swift; sourceTree = "<group>"; };
		002C9969256518A900DA1AD9 /* SceneDelegate.swift */ = {isa = PBXFileReference; lastKnownFileType = sourcecode.swift; path = SceneDelegate.swift; sourceTree = "<group>"; };
		002C996E256518A900DA1AD9 /* Base */ = {isa = PBXFileReference; lastKnownFileType = file.storyboard; name = Base; path = Base.lproj/Main.storyboard; sourceTree = "<group>"; };
		002C9971256518A900DA1AD9 /* SimpleMemo.xcdatamodel */ = {isa = PBXFileReference; lastKnownFileType = wrapper.xcdatamodel; path = SimpleMemo.xcdatamodel; sourceTree = "<group>"; };
		002C9973256518AB00DA1AD9 /* Assets.xcassets */ = {isa = PBXFileReference; lastKnownFileType = folder.assetcatalog; path = Assets.xcassets; sourceTree = "<group>"; };
		002C9976256518AB00DA1AD9 /* Base */ = {isa = PBXFileReference; lastKnownFileType = file.storyboard; name = Base; path = Base.lproj/LaunchScreen.storyboard; sourceTree = "<group>"; };
		002C9978256518AB00DA1AD9 /* Info.plist */ = {isa = PBXFileReference; lastKnownFileType = text.plist.xml; path = Info.plist; sourceTree = "<group>"; };
		002C998E2565767000DA1AD9 /* Memo.swift */ = {isa = PBXFileReference; lastKnownFileType = sourcecode.swift; path = Memo.swift; sourceTree = "<group>"; };
		08A779B486B4C2479FEC2E3C /* Pods_SimpleMemo.framework */ = {isa = PBXFileReference; explicitFileType = wrapper.framework; includeInIndex = 0; path = Pods_SimpleMemo.framework; sourceTree = BUILT_PRODUCTS_DIR; };
		BCED5580C5A159A18C93FE20 /* Pods-SimpleMemo.debug.xcconfig */ = {isa = PBXFileReference; includeInIndex = 1; lastKnownFileType = text.xcconfig; name = "Pods-SimpleMemo.debug.xcconfig"; path = "Target Support Files/Pods-SimpleMemo/Pods-SimpleMemo.debug.xcconfig"; sourceTree = "<group>"; };
		D3334185ED77AA68F69E9142 /* Pods-SimpleMemo.release.xcconfig */ = {isa = PBXFileReference; includeInIndex = 1; lastKnownFileType = text.xcconfig; name = "Pods-SimpleMemo.release.xcconfig"; path = "Target Support Files/Pods-SimpleMemo/Pods-SimpleMemo.release.xcconfig"; sourceTree = "<group>"; };
/* End PBXFileReference section */

/* Begin PBXFrameworksBuildPhase section */
		002C9961256518A900DA1AD9 /* Frameworks */ = {
			isa = PBXFrameworksBuildPhase;
			buildActionMask = 2147483647;
			files = (
				99E8F796EA71C41DB8C6EA73 /* Pods_SimpleMemo.framework in Frameworks */,
			);
			runOnlyForDeploymentPostprocessing = 0;
		};
/* End PBXFrameworksBuildPhase section */

/* Begin PBXGroup section */
		002C995B256518A900DA1AD9 = {
			isa = PBXGroup;
			children = (
				002C9966256518A900DA1AD9 /* SimpleMemo */,
				002C9965256518A900DA1AD9 /* Products */,
				04BF3735988B84DAC09E5465 /* Pods */,
				9E23F76AED6230A2871C678F /* Frameworks */,
			);
			sourceTree = "<group>";
		};
		002C9965256518A900DA1AD9 /* Products */ = {
			isa = PBXGroup;
			children = (
				002C9964256518A900DA1AD9 /* SimpleMemo.app */,
			);
			name = Products;
			sourceTree = "<group>";
		};
		002C9966256518A900DA1AD9 /* SimpleMemo */ = {
			isa = PBXGroup;
			children = (
				002C998C2565751100DA1AD9 /* Coordinator */,
				002C998B25653DA800DA1AD9 /* Service */,
				002C998A2565384900DA1AD9 /* ViewModel */,
				002C99892565383800DA1AD9 /* View */,
				002C99882565381600DA1AD9 /* Model */,
				002C9967256518A900DA1AD9 /* AppDelegate.swift */,
				002C9969256518A900DA1AD9 /* SceneDelegate.swift */,
				002C9973256518AB00DA1AD9 /* Assets.xcassets */,
				002C9978256518AB00DA1AD9 /* Info.plist */,
				002C9970256518A900DA1AD9 /* SimpleMemo.xcdatamodeld */,
			);
			path = SimpleMemo;
			sourceTree = "<group>";
		};
		002C99882565381600DA1AD9 /* Model */ = {
			isa = PBXGroup;
			children = (
				002C998E2565767000DA1AD9 /* Memo.swift */,
			);
			path = Model;
			sourceTree = "<group>";
		};
		002C99892565383800DA1AD9 /* View */ = {
			isa = PBXGroup;
			children = (
				002C996D256518A900DA1AD9 /* Main.storyboard */,
				002C9975256518AB00DA1AD9 /* LaunchScreen.storyboard */,
			);
			path = View;
			sourceTree = "<group>";
		};
		002C998A2565384900DA1AD9 /* ViewModel */ = {
			isa = PBXGroup;
			children = (
			);
			path = ViewModel;
			sourceTree = "<group>";
		};
		002C998B25653DA800DA1AD9 /* Service */ = {
			isa = PBXGroup;
			children = (
			);
			path = Service;
			sourceTree = "<group>";
		};
		002C998C2565751100DA1AD9 /* Coordinator */ = {
			isa = PBXGroup;
			children = (
			);
			path = Coordinator;
			sourceTree = "<group>";
		};
		04BF3735988B84DAC09E5465 /* Pods */ = {
			isa = PBXGroup;
			children = (
				BCED5580C5A159A18C93FE20 /* Pods-SimpleMemo.debug.xcconfig */,
				D3334185ED77AA68F69E9142 /* Pods-SimpleMemo.release.xcconfig */,
			);
			path = Pods;
			sourceTree = "<group>";
		};
		9E23F76AED6230A2871C678F /* Frameworks */ = {
			isa = PBXGroup;
			children = (
				08A779B486B4C2479FEC2E3C /* Pods_SimpleMemo.framework */,
			);
			name = Frameworks;
			sourceTree = "<group>";
		};
/* End PBXGroup section */

/* Begin PBXNativeTarget section */
		002C9963256518A900DA1AD9 /* SimpleMemo */ = {
			isa = PBXNativeTarget;
			buildConfigurationList = 002C997B256518AB00DA1AD9 /* Build configuration list for PBXNativeTarget "SimpleMemo" */;
			buildPhases = (
				537D27C75AF6DA18FAE4815C /* [CP] Check Pods Manifest.lock */,
				002C9960256518A900DA1AD9 /* Sources */,
				002C9961256518A900DA1AD9 /* Frameworks */,
				002C9962256518A900DA1AD9 /* Resources */,
				298ED9D22A44C9DC201C5C2F /* [CP] Embed Pods Frameworks */,
			);
			buildRules = (
			);
			dependencies = (
			);
			name = SimpleMemo;
			productName = SimpleMemo;
			productReference = 002C9964256518A900DA1AD9 /* SimpleMemo.app */;
			productType = "com.apple.product-type.application";
		};
/* End PBXNativeTarget section */

/* Begin PBXProject section */
		002C995C256518A900DA1AD9 /* Project object */ = {
			isa = PBXProject;
			attributes = {
				LastSwiftUpdateCheck = 1200;
				LastUpgradeCheck = 1200;
				TargetAttributes = {
					002C9963256518A900DA1AD9 = {
						CreatedOnToolsVersion = 12.0.1;
					};
				};
			};
			buildConfigurationList = 002C995F256518A900DA1AD9 /* Build configuration list for PBXProject "SimpleMemo" */;
			compatibilityVersion = "Xcode 9.3";
			developmentRegion = en;
			hasScannedForEncodings = 0;
			knownRegions = (
				en,
				Base,
			);
			mainGroup = 002C995B256518A900DA1AD9;
			productRefGroup = 002C9965256518A900DA1AD9 /* Products */;
			projectDirPath = "";
			projectRoot = "";
			targets = (
				002C9963256518A900DA1AD9 /* SimpleMemo */,
			);
		};
/* End PBXProject section */

/* Begin PBXResourcesBuildPhase section */
		002C9962256518A900DA1AD9 /* Resources */ = {
			isa = PBXResourcesBuildPhase;
			buildActionMask = 2147483647;
			files = (
				002C9977256518AB00DA1AD9 /* LaunchScreen.storyboard in Resources */,
				002C9974256518AB00DA1AD9 /* Assets.xcassets in Resources */,
				002C996F256518A900DA1AD9 /* Main.storyboard in Resources */,
			);
			runOnlyForDeploymentPostprocessing = 0;
		};
/* End PBXResourcesBuildPhase section */

/* Begin PBXShellScriptBuildPhase section */
		298ED9D22A44C9DC201C5C2F /* [CP] Embed Pods Frameworks */ = {
			isa = PBXShellScriptBuildPhase;
			buildActionMask = 2147483647;
			files = (
			);
			inputFileListPaths = (
				"${PODS_ROOT}/Target Support Files/Pods-SimpleMemo/Pods-SimpleMemo-frameworks-${CONFIGURATION}-input-files.xcfilelist",
			);
			name = "[CP] Embed Pods Frameworks";
			outputFileListPaths = (
				"${PODS_ROOT}/Target Support Files/Pods-SimpleMemo/Pods-SimpleMemo-frameworks-${CONFIGURATION}-output-files.xcfilelist",
			);
			runOnlyForDeploymentPostprocessing = 0;
			shellPath = /bin/sh;
			shellScript = "\"${PODS_ROOT}/Target Support Files/Pods-SimpleMemo/Pods-SimpleMemo-frameworks.sh\"\n";
			showEnvVarsInLog = 0;
		};
		537D27C75AF6DA18FAE4815C /* [CP] Check Pods Manifest.lock */ = {
			isa = PBXShellScriptBuildPhase;
			buildActionMask = 2147483647;
			files = (
			);
			inputFileListPaths = (
			);
			inputPaths = (
				"${PODS_PODFILE_DIR_PATH}/Podfile.lock",
				"${PODS_ROOT}/Manifest.lock",
			);
			name = "[CP] Check Pods Manifest.lock";
			outputFileListPaths = (
			);
			outputPaths = (
				"$(DERIVED_FILE_DIR)/Pods-SimpleMemo-checkManifestLockResult.txt",
			);
			runOnlyForDeploymentPostprocessing = 0;
			shellPath = /bin/sh;
			shellScript = "diff \"${PODS_PODFILE_DIR_PATH}/Podfile.lock\" \"${PODS_ROOT}/Manifest.lock\" > /dev/null\nif [ $? != 0 ] ; then\n    # print error to STDERR\n    echo \"error: The sandbox is not in sync with the Podfile.lock. Run 'pod install' or update your CocoaPods installation.\" >&2\n    exit 1\nfi\n# This output is used by Xcode 'outputs' to avoid re-running this script phase.\necho \"SUCCESS\" > \"${SCRIPT_OUTPUT_FILE_0}\"\n";
			showEnvVarsInLog = 0;
		};
/* End PBXShellScriptBuildPhase section */

/* Begin PBXSourcesBuildPhase section */
		002C9960256518A900DA1AD9 /* Sources */ = {
			isa = PBXSourcesBuildPhase;
			buildActionMask = 2147483647;
			files = (
				002C9968256518A900DA1AD9 /* AppDelegate.swift in Sources */,
				002C996A256518A900DA1AD9 /* SceneDelegate.swift in Sources */,
				002C9972256518A900DA1AD9 /* SimpleMemo.xcdatamodeld in Sources */,
				002C998F2565767000DA1AD9 /* Memo.swift in Sources */,
			);
			runOnlyForDeploymentPostprocessing = 0;
		};
/* End PBXSourcesBuildPhase section */

/* Begin PBXVariantGroup section */
		002C996D256518A900DA1AD9 /* Main.storyboard */ = {
			isa = PBXVariantGroup;
			children = (
				002C996E256518A900DA1AD9 /* Base */,
			);
			name = Main.storyboard;
			sourceTree = "<group>";
		};
		002C9975256518AB00DA1AD9 /* LaunchScreen.storyboard */ = {
			isa = PBXVariantGroup;
			children = (
				002C9976256518AB00DA1AD9 /* Base */,
			);
			name = LaunchScreen.storyboard;
			sourceTree = "<group>";
		};
/* End PBXVariantGroup section */

/* Begin XCBuildConfiguration section */
		002C9979256518AB00DA1AD9 /* Debug */ = {
			isa = XCBuildConfiguration;
			buildSettings = {
				ALWAYS_SEARCH_USER_PATHS = NO;
				CLANG_ANALYZER_NONNULL = YES;
				CLANG_ANALYZER_NUMBER_OBJECT_CONVERSION = YES_AGGRESSIVE;
				CLANG_CXX_LANGUAGE_STANDARD = "gnu++14";
				CLANG_CXX_LIBRARY = "libc++";
				CLANG_ENABLE_MODULES = YES;
				CLANG_ENABLE_OBJC_ARC = YES;
				CLANG_ENABLE_OBJC_WEAK = YES;
				CLANG_WARN_BLOCK_CAPTURE_AUTORELEASING = YES;
				CLANG_WARN_BOOL_CONVERSION = YES;
				CLANG_WARN_COMMA = YES;
				CLANG_WARN_CONSTANT_CONVERSION = YES;
				CLANG_WARN_DEPRECATED_OBJC_IMPLEMENTATIONS = YES;
				CLANG_WARN_DIRECT_OBJC_ISA_USAGE = YES_ERROR;
				CLANG_WARN_DOCUMENTATION_COMMENTS = YES;
				CLANG_WARN_EMPTY_BODY = YES;
				CLANG_WARN_ENUM_CONVERSION = YES;
				CLANG_WARN_INFINITE_RECURSION = YES;
				CLANG_WARN_INT_CONVERSION = YES;
				CLANG_WARN_NON_LITERAL_NULL_CONVERSION = YES;
				CLANG_WARN_OBJC_IMPLICIT_RETAIN_SELF = YES;
				CLANG_WARN_OBJC_LITERAL_CONVERSION = YES;
				CLANG_WARN_OBJC_ROOT_CLASS = YES_ERROR;
				CLANG_WARN_QUOTED_INCLUDE_IN_FRAMEWORK_HEADER = YES;
				CLANG_WARN_RANGE_LOOP_ANALYSIS = YES;
				CLANG_WARN_STRICT_PROTOTYPES = YES;
				CLANG_WARN_SUSPICIOUS_MOVE = YES;
				CLANG_WARN_UNGUARDED_AVAILABILITY = YES_AGGRESSIVE;
				CLANG_WARN_UNREACHABLE_CODE = YES;
				CLANG_WARN__DUPLICATE_METHOD_MATCH = YES;
				COPY_PHASE_STRIP = NO;
				DEBUG_INFORMATION_FORMAT = dwarf;
				ENABLE_STRICT_OBJC_MSGSEND = YES;
				ENABLE_TESTABILITY = YES;
				GCC_C_LANGUAGE_STANDARD = gnu11;
				GCC_DYNAMIC_NO_PIC = NO;
				GCC_NO_COMMON_BLOCKS = YES;
				GCC_OPTIMIZATION_LEVEL = 0;
				GCC_PREPROCESSOR_DEFINITIONS = (
					"DEBUG=1",
					"$(inherited)",
				);
				GCC_WARN_64_TO_32_BIT_CONVERSION = YES;
				GCC_WARN_ABOUT_RETURN_TYPE = YES_ERROR;
				GCC_WARN_UNDECLARED_SELECTOR = YES;
				GCC_WARN_UNINITIALIZED_AUTOS = YES_AGGRESSIVE;
				GCC_WARN_UNUSED_FUNCTION = YES;
				GCC_WARN_UNUSED_VARIABLE = YES;
				IPHONEOS_DEPLOYMENT_TARGET = 14.0;
				MTL_ENABLE_DEBUG_INFO = INCLUDE_SOURCE;
				MTL_FAST_MATH = YES;
				ONLY_ACTIVE_ARCH = YES;
				SDKROOT = iphoneos;
				SWIFT_ACTIVE_COMPILATION_CONDITIONS = DEBUG;
				SWIFT_OPTIMIZATION_LEVEL = "-Onone";
			};
			name = Debug;
		};
		002C997A256518AB00DA1AD9 /* Release */ = {
			isa = XCBuildConfiguration;
			buildSettings = {
				ALWAYS_SEARCH_USER_PATHS = NO;
				CLANG_ANALYZER_NONNULL = YES;
				CLANG_ANALYZER_NUMBER_OBJECT_CONVERSION = YES_AGGRESSIVE;
				CLANG_CXX_LANGUAGE_STANDARD = "gnu++14";
				CLANG_CXX_LIBRARY = "libc++";
				CLANG_ENABLE_MODULES = YES;
				CLANG_ENABLE_OBJC_ARC = YES;
				CLANG_ENABLE_OBJC_WEAK = YES;
				CLANG_WARN_BLOCK_CAPTURE_AUTORELEASING = YES;
				CLANG_WARN_BOOL_CONVERSION = YES;
				CLANG_WARN_COMMA = YES;
				CLANG_WARN_CONSTANT_CONVERSION = YES;
				CLANG_WARN_DEPRECATED_OBJC_IMPLEMENTATIONS = YES;
				CLANG_WARN_DIRECT_OBJC_ISA_USAGE = YES_ERROR;
				CLANG_WARN_DOCUMENTATION_COMMENTS = YES;
				CLANG_WARN_EMPTY_BODY = YES;
				CLANG_WARN_ENUM_CONVERSION = YES;
				CLANG_WARN_INFINITE_RECURSION = YES;
				CLANG_WARN_INT_CONVERSION = YES;
				CLANG_WARN_NON_LITERAL_NULL_CONVERSION = YES;
				CLANG_WARN_OBJC_IMPLICIT_RETAIN_SELF = YES;
				CLANG_WARN_OBJC_LITERAL_CONVERSION = YES;
				CLANG_WARN_OBJC_ROOT_CLASS = YES_ERROR;
				CLANG_WARN_QUOTED_INCLUDE_IN_FRAMEWORK_HEADER = YES;
				CLANG_WARN_RANGE_LOOP_ANALYSIS = YES;
				CLANG_WARN_STRICT_PROTOTYPES = YES;
				CLANG_WARN_SUSPICIOUS_MOVE = YES;
				CLANG_WARN_UNGUARDED_AVAILABILITY = YES_AGGRESSIVE;
				CLANG_WARN_UNREACHABLE_CODE = YES;
				CLANG_WARN__DUPLICATE_METHOD_MATCH = YES;
				COPY_PHASE_STRIP = NO;
				DEBUG_INFORMATION_FORMAT = "dwarf-with-dsym";
				ENABLE_NS_ASSERTIONS = NO;
				ENABLE_STRICT_OBJC_MSGSEND = YES;
				GCC_C_LANGUAGE_STANDARD = gnu11;
				GCC_NO_COMMON_BLOCKS = YES;
				GCC_WARN_64_TO_32_BIT_CONVERSION = YES;
				GCC_WARN_ABOUT_RETURN_TYPE = YES_ERROR;
				GCC_WARN_UNDECLARED_SELECTOR = YES;
				GCC_WARN_UNINITIALIZED_AUTOS = YES_AGGRESSIVE;
				GCC_WARN_UNUSED_FUNCTION = YES;
				GCC_WARN_UNUSED_VARIABLE = YES;
				IPHONEOS_DEPLOYMENT_TARGET = 14.0;
				MTL_ENABLE_DEBUG_INFO = NO;
				MTL_FAST_MATH = YES;
				SDKROOT = iphoneos;
				SWIFT_COMPILATION_MODE = wholemodule;
				SWIFT_OPTIMIZATION_LEVEL = "-O";
				VALIDATE_PRODUCT = YES;
			};
			name = Release;
		};
		002C997C256518AB00DA1AD9 /* Debug */ = {
			isa = XCBuildConfiguration;
			baseConfigurationReference = BCED5580C5A159A18C93FE20 /* Pods-SimpleMemo.debug.xcconfig */;
			buildSettings = {
				ASSETCATALOG_COMPILER_APPICON_NAME = AppIcon;
				ASSETCATALOG_COMPILER_GLOBAL_ACCENT_COLOR_NAME = AccentColor;
				CODE_SIGN_STYLE = Automatic;
				INFOPLIST_FILE = SimpleMemo/Info.plist;
				LD_RUNPATH_SEARCH_PATHS = (
					"$(inherited)",
					"@executable_path/Frameworks",
				);
				PRODUCT_BUNDLE_IDENTIFIER = com.jaeyoungyun.SimpleMemo;
				PRODUCT_NAME = "$(TARGET_NAME)";
				SWIFT_VERSION = 5.0;
				TARGETED_DEVICE_FAMILY = 1;
			};
			name = Debug;
		};
		002C997D256518AB00DA1AD9 /* Release */ = {
			isa = XCBuildConfiguration;
			baseConfigurationReference = D3334185ED77AA68F69E9142 /* Pods-SimpleMemo.release.xcconfig */;
			buildSettings = {
				ASSETCATALOG_COMPILER_APPICON_NAME = AppIcon;
				ASSETCATALOG_COMPILER_GLOBAL_ACCENT_COLOR_NAME = AccentColor;
				CODE_SIGN_STYLE = Automatic;
				INFOPLIST_FILE = SimpleMemo/Info.plist;
				LD_RUNPATH_SEARCH_PATHS = (
					"$(inherited)",
					"@executable_path/Frameworks",
				);
				PRODUCT_BUNDLE_IDENTIFIER = com.jaeyoungyun.SimpleMemo;
				PRODUCT_NAME = "$(TARGET_NAME)";
				SWIFT_VERSION = 5.0;
				TARGETED_DEVICE_FAMILY = 1;
			};
			name = Release;
		};
/* End XCBuildConfiguration section */

/* Begin XCConfigurationList section */
		002C995F256518A900DA1AD9 /* Build configuration list for PBXProject "SimpleMemo" */ = {
			isa = XCConfigurationList;
			buildConfigurations = (
				002C9979256518AB00DA1AD9 /* Debug */,
				002C997A256518AB00DA1AD9 /* Release */,
			);
			defaultConfigurationIsVisible = 0;
			defaultConfigurationName = Release;
		};
		002C997B256518AB00DA1AD9 /* Build configuration list for PBXNativeTarget "SimpleMemo" */ = {
			isa = XCConfigurationList;
			buildConfigurations = (
				002C997C256518AB00DA1AD9 /* Debug */,
				002C997D256518AB00DA1AD9 /* Release */,
			);
			defaultConfigurationIsVisible = 0;
			defaultConfigurationName = Release;
		};
/* End XCConfigurationList section */

/* Begin XCVersionGroup section */
		002C9970256518A900DA1AD9 /* SimpleMemo.xcdatamodeld */ = {
			isa = XCVersionGroup;
			children = (
				002C9971256518A900DA1AD9 /* SimpleMemo.xcdatamodel */,
			);
			currentVersion = 002C9971256518A900DA1AD9 /* SimpleMemo.xcdatamodel */;
			path = SimpleMemo.xcdatamodeld;
			sourceTree = "<group>";
			versionGroupType = wrapper.xcdatamodel;
		};
/* End XCVersionGroup section */
	};
	rootObject = 002C995C256518A900DA1AD9 /* Project object */;
}
